
Microsoft Visual Studio Solution File, Format Version 12.00
# Visual Studio Version 17
VisualStudioVersion = 17.1.32228.430
MinimumVisualStudioVersion = 10.0.40219.1
Project("{FAE04EC0-301F-11D3-BF4B-00C04F79EFBC}") = "PM03", "PM03\PM03.csproj", "{B688163E-385B-49C0-9A7B-0AB524042BD8}"
EndProject
Global
	GlobalSection(SolutionConfigurationPlatforms) = preSolution
		Debug|Any CPU = Debug|Any CPU
		Release|Any CPU = Release|Any CPU
	EndGlobalSection
	GlobalSection(ProjectConfigurationPlatforms) = postSolution
		{B688163E-385B-49C0-9A7B-0AB524042BD8}.Debug|Any CPU.ActiveCfg = Debug|Any CPU
		{B688163E-385B-49C0-9A7B-0AB524042BD8}.Debug|Any CPU.Build.0 = Debug|Any CPU
		{B688163E-385B-49C0-9A7B-0AB524042BD8}.Release|Any CPU.ActiveCfg = Release|Any CPU
		{B688163E-385B-49C0-9A7B-0AB524042BD8}.Release|Any CPU.Build.0 = Release|Any CPU
	EndGlobalSection
	GlobalSection(SolutionProperties) = preSolution
		HideSolutionNode = FALSE
	EndGlobalSection
	GlobalSection(ExtensibilityGlobals) = postSolution
		SolutionGuid = {D084A3B5-319B-4C56-AAC2-D95E7F688381}
	EndGlobalSection
EndGlobal
